// !$*UTF8*$!
{
	archiveVersion = 1;
	classes = {
	};
	objectVersion = 51;
	objects = {

/* Begin PBXBuildFile section */
		B05A01FC24A4F22600D03E9E /* UserTableViewCell.swift in Sources */ = {isa = PBXBuildFile; fileRef = B05A01FA24A4F22600D03E9E /* UserTableViewCell.swift */; };
		B05A01FD24A4F22600D03E9E /* UserTableViewCell.xib in Resources */ = {isa = PBXBuildFile; fileRef = B05A01FB24A4F22600D03E9E /* UserTableViewCell.xib */; };
		B05A020124A50CDA00D03E9E /* UserDetailViewController.swift in Sources */ = {isa = PBXBuildFile; fileRef = B05A020024A50CDA00D03E9E /* UserDetailViewController.swift */; };
		B05A020324A51D6D00D03E9E /* UIImageView+KingFisher.swift in Sources */ = {isa = PBXBuildFile; fileRef = B05A020224A51D6D00D03E9E /* UIImageView+KingFisher.swift */; };
		B05A020524A52E9A00D03E9E /* Post.swift in Sources */ = {isa = PBXBuildFile; fileRef = B05A020424A52E9A00D03E9E /* Post.swift */; };
		B05A020724A52ED700D03E9E /* Comment.swift in Sources */ = {isa = PBXBuildFile; fileRef = B05A020624A52ED700D03E9E /* Comment.swift */; };
		B05A020A24A534D300D03E9E /* PostsTableViewCell.swift in Sources */ = {isa = PBXBuildFile; fileRef = B05A020824A534D300D03E9E /* PostsTableViewCell.swift */; };
		B05A020B24A534D300D03E9E /* PostsTableViewCell.xib in Resources */ = {isa = PBXBuildFile; fileRef = B05A020924A534D300D03E9E /* PostsTableViewCell.xib */; };
		B0AAC90624A4C16D008AEFCA /* AppDelegate.swift in Sources */ = {isa = PBXBuildFile; fileRef = B0AAC90524A4C16D008AEFCA /* AppDelegate.swift */; };
		B0AAC90824A4C16D008AEFCA /* SceneDelegate.swift in Sources */ = {isa = PBXBuildFile; fileRef = B0AAC90724A4C16D008AEFCA /* SceneDelegate.swift */; };
		B0AAC90A24A4C16D008AEFCA /* UsersTableViewController.swift in Sources */ = {isa = PBXBuildFile; fileRef = B0AAC90924A4C16D008AEFCA /* UsersTableViewController.swift */; };
		B0AAC90D24A4C16D008AEFCA /* Main.storyboard in Resources */ = {isa = PBXBuildFile; fileRef = B0AAC90B24A4C16D008AEFCA /* Main.storyboard */; };
		B0AAC90F24A4C16F008AEFCA /* Assets.xcassets in Resources */ = {isa = PBXBuildFile; fileRef = B0AAC90E24A4C16F008AEFCA /* Assets.xcassets */; };
		B0AAC91224A4C16F008AEFCA /* LaunchScreen.storyboard in Resources */ = {isa = PBXBuildFile; fileRef = B0AAC91024A4C16F008AEFCA /* LaunchScreen.storyboard */; };
		B0AAC91C24A4C2BA008AEFCA /* User.swift in Sources */ = {isa = PBXBuildFile; fileRef = B0AAC91B24A4C2BA008AEFCA /* User.swift */; };
		B0AAC91E24A4DC70008AEFCA /* Constants.swift in Sources */ = {isa = PBXBuildFile; fileRef = B0AAC91D24A4DC70008AEFCA /* Constants.swift */; };
		B0AAC92024A4DD6C008AEFCA /* APIClient.swift in Sources */ = {isa = PBXBuildFile; fileRef = B0AAC91F24A4DD6C008AEFCA /* APIClient.swift */; };
		B0AAC92324A4DF02008AEFCA /* UIViewController+Alert.swift in Sources */ = {isa = PBXBuildFile; fileRef = B0AAC92224A4DF02008AEFCA /* UIViewController+Alert.swift */; };
		D30858B9A33E16EAB03500A0 /* Pods_BrezaaTest.framework in Frameworks */ = {isa = PBXBuildFile; fileRef = 7CDA17F181ADCCF1F602A269 /* Pods_BrezaaTest.framework */; };
/* End PBXBuildFile section */

/* Begin PBXFileReference section */
		7CDA17F181ADCCF1F602A269 /* Pods_BrezaaTest.framework */ = {isa = PBXFileReference; explicitFileType = wrapper.framework; includeInIndex = 0; path = Pods_BrezaaTest.framework; sourceTree = BUILT_PRODUCTS_DIR; };
		B05A01FA24A4F22600D03E9E /* UserTableViewCell.swift */ = {isa = PBXFileReference; lastKnownFileType = sourcecode.swift; path = UserTableViewCell.swift; sourceTree = "<group>"; };
		B05A01FB24A4F22600D03E9E /* UserTableViewCell.xib */ = {isa = PBXFileReference; lastKnownFileType = file.xib; path = UserTableViewCell.xib; sourceTree = "<group>"; };
		B05A020024A50CDA00D03E9E /* UserDetailViewController.swift */ = {isa = PBXFileReference; lastKnownFileType = sourcecode.swift; path = UserDetailViewController.swift; sourceTree = "<group>"; };
		B05A020224A51D6D00D03E9E /* UIImageView+KingFisher.swift */ = {isa = PBXFileReference; lastKnownFileType = sourcecode.swift; path = "UIImageView+KingFisher.swift"; sourceTree = "<group>"; };
		B05A020424A52E9A00D03E9E /* Post.swift */ = {isa = PBXFileReference; lastKnownFileType = sourcecode.swift; path = Post.swift; sourceTree = "<group>"; };
		B05A020624A52ED700D03E9E /* Comment.swift */ = {isa = PBXFileReference; lastKnownFileType = sourcecode.swift; path = Comment.swift; sourceTree = "<group>"; };
		B05A020824A534D300D03E9E /* PostsTableViewCell.swift */ = {isa = PBXFileReference; lastKnownFileType = sourcecode.swift; path = PostsTableViewCell.swift; sourceTree = "<group>"; };
		B05A020924A534D300D03E9E /* PostsTableViewCell.xib */ = {isa = PBXFileReference; lastKnownFileType = file.xib; path = PostsTableViewCell.xib; sourceTree = "<group>"; };
		B0AAC90224A4C16D008AEFCA /* BrezaaTest.app */ = {isa = PBXFileReference; explicitFileType = wrapper.application; includeInIndex = 0; path = BrezaaTest.app; sourceTree = BUILT_PRODUCTS_DIR; };
		B0AAC90524A4C16D008AEFCA /* AppDelegate.swift */ = {isa = PBXFileReference; lastKnownFileType = sourcecode.swift; path = AppDelegate.swift; sourceTree = "<group>"; };
		B0AAC90724A4C16D008AEFCA /* SceneDelegate.swift */ = {isa = PBXFileReference; lastKnownFileType = sourcecode.swift; path = SceneDelegate.swift; sourceTree = "<group>"; };
		B0AAC90924A4C16D008AEFCA /* UsersTableViewController.swift */ = {isa = PBXFileReference; lastKnownFileType = sourcecode.swift; path = UsersTableViewController.swift; sourceTree = "<group>"; };
		B0AAC90C24A4C16D008AEFCA /* Base */ = {isa = PBXFileReference; lastKnownFileType = file.storyboard; name = Base; path = Base.lproj/Main.storyboard; sourceTree = "<group>"; };
		B0AAC90E24A4C16F008AEFCA /* Assets.xcassets */ = {isa = PBXFileReference; lastKnownFileType = folder.assetcatalog; path = Assets.xcassets; sourceTree = "<group>"; };
		B0AAC91124A4C16F008AEFCA /* Base */ = {isa = PBXFileReference; lastKnownFileType = file.storyboard; name = Base; path = Base.lproj/LaunchScreen.storyboard; sourceTree = "<group>"; };
		B0AAC91324A4C16F008AEFCA /* Info.plist */ = {isa = PBXFileReference; lastKnownFileType = text.plist.xml; path = Info.plist; sourceTree = "<group>"; };
		B0AAC91B24A4C2BA008AEFCA /* User.swift */ = {isa = PBXFileReference; lastKnownFileType = sourcecode.swift; path = User.swift; sourceTree = "<group>"; };
		B0AAC91D24A4DC70008AEFCA /* Constants.swift */ = {isa = PBXFileReference; lastKnownFileType = sourcecode.swift; path = Constants.swift; sourceTree = "<group>"; };
		B0AAC91F24A4DD6C008AEFCA /* APIClient.swift */ = {isa = PBXFileReference; lastKnownFileType = sourcecode.swift; path = APIClient.swift; sourceTree = "<group>"; };
		B0AAC92224A4DF02008AEFCA /* UIViewController+Alert.swift */ = {isa = PBXFileReference; lastKnownFileType = sourcecode.swift; path = "UIViewController+Alert.swift"; sourceTree = "<group>"; };
		C8079BA9C5F1C0EC7024ABA5 /* Pods-BrezaaTest.release.xcconfig */ = {isa = PBXFileReference; includeInIndex = 1; lastKnownFileType = text.xcconfig; name = "Pods-BrezaaTest.release.xcconfig"; path = "Target Support Files/Pods-BrezaaTest/Pods-BrezaaTest.release.xcconfig"; sourceTree = "<group>"; };
		E6225A0569314BB7BAC4AC10 /* Pods-BrezaaTest.debug.xcconfig */ = {isa = PBXFileReference; includeInIndex = 1; lastKnownFileType = text.xcconfig; name = "Pods-BrezaaTest.debug.xcconfig"; path = "Target Support Files/Pods-BrezaaTest/Pods-BrezaaTest.debug.xcconfig"; sourceTree = "<group>"; };
/* End PBXFileReference section */

/* Begin PBXFrameworksBuildPhase section */
		B0AAC8FF24A4C16D008AEFCA /* Frameworks */ = {
			isa = PBXFrameworksBuildPhase;
			buildActionMask = 2147483647;
			files = (
				D30858B9A33E16EAB03500A0 /* Pods_BrezaaTest.framework in Frameworks */,
			);
			runOnlyForDeploymentPostprocessing = 0;
		};
/* End PBXFrameworksBuildPhase section */

/* Begin PBXGroup section */
		7CE2EE085F0F628AB9B6FC95 /* Pods */ = {
			isa = PBXGroup;
			children = (
				E6225A0569314BB7BAC4AC10 /* Pods-BrezaaTest.debug.xcconfig */,
				C8079BA9C5F1C0EC7024ABA5 /* Pods-BrezaaTest.release.xcconfig */,
			);
			path = Pods;
			sourceTree = "<group>";
		};
		B05A01F424A4F04200D03E9E /* Screens */ = {
			isa = PBXGroup;
			children = (
				B05A01F524A4F05E00D03E9E /* Cells */,
				B0AAC90924A4C16D008AEFCA /* UsersTableViewController.swift */,
				B05A020024A50CDA00D03E9E /* UserDetailViewController.swift */,
			);
			path = Screens;
			sourceTree = "<group>";
		};
		B05A01F524A4F05E00D03E9E /* Cells */ = {
			isa = PBXGroup;
			children = (
				B05A01FA24A4F22600D03E9E /* UserTableViewCell.swift */,
				B05A01FB24A4F22600D03E9E /* UserTableViewCell.xib */,
				B05A020824A534D300D03E9E /* PostsTableViewCell.swift */,
				B05A020924A534D300D03E9E /* PostsTableViewCell.xib */,
			);
			path = Cells;
			sourceTree = "<group>";
		};
		B0AAC8F924A4C16D008AEFCA = {
			isa = PBXGroup;
			children = (
				B0AAC90424A4C16D008AEFCA /* BrezaaTest */,
				B0AAC90324A4C16D008AEFCA /* Products */,
				7CE2EE085F0F628AB9B6FC95 /* Pods */,
				CD95E609DCA45CBFA13EAB14 /* Frameworks */,
			);
			sourceTree = "<group>";
		};
		B0AAC90324A4C16D008AEFCA /* Products */ = {
			isa = PBXGroup;
			children = (
				B0AAC90224A4C16D008AEFCA /* BrezaaTest.app */,
			);
			name = Products;
			sourceTree = "<group>";
		};
		B0AAC90424A4C16D008AEFCA /* BrezaaTest */ = {
			isa = PBXGroup;
			children = (
				B05A01F424A4F04200D03E9E /* Screens */,
				B0AAC92124A4DEE0008AEFCA /* Extensions */,
				B0AAC91A24A4C28C008AEFCA /* APIClient */,
				B0AAC90524A4C16D008AEFCA /* AppDelegate.swift */,
				B0AAC90724A4C16D008AEFCA /* SceneDelegate.swift */,
				B0AAC90B24A4C16D008AEFCA /* Main.storyboard */,
				B0AAC90E24A4C16F008AEFCA /* Assets.xcassets */,
				B0AAC91024A4C16F008AEFCA /* LaunchScreen.storyboard */,
				B0AAC91324A4C16F008AEFCA /* Info.plist */,
			);
			path = BrezaaTest;
			sourceTree = "<group>";
		};
		B0AAC91924A4C225008AEFCA /* Models */ = {
			isa = PBXGroup;
			children = (
				B0AAC91B24A4C2BA008AEFCA /* User.swift */,
				B05A020424A52E9A00D03E9E /* Post.swift */,
				B05A020624A52ED700D03E9E /* Comment.swift */,
			);
			path = Models;
			sourceTree = "<group>";
		};
		B0AAC91A24A4C28C008AEFCA /* APIClient */ = {
			isa = PBXGroup;
			children = (
				B0AAC91924A4C225008AEFCA /* Models */,
				B0AAC91D24A4DC70008AEFCA /* Constants.swift */,
				B0AAC91F24A4DD6C008AEFCA /* APIClient.swift */,
			);
			path = APIClient;
			sourceTree = "<group>";
		};
		B0AAC92124A4DEE0008AEFCA /* Extensions */ = {
			isa = PBXGroup;
			children = (
				B0AAC92224A4DF02008AEFCA /* UIViewController+Alert.swift */,
				B05A020224A51D6D00D03E9E /* UIImageView+KingFisher.swift */,
			);
			path = Extensions;
			sourceTree = "<group>";
		};
		CD95E609DCA45CBFA13EAB14 /* Frameworks */ = {
			isa = PBXGroup;
			children = (
				7CDA17F181ADCCF1F602A269 /* Pods_BrezaaTest.framework */,
			);
			name = Frameworks;
			sourceTree = "<group>";
		};
/* End PBXGroup section */

/* Begin PBXNativeTarget section */
		B0AAC90124A4C16D008AEFCA /* BrezaaTest */ = {
			isa = PBXNativeTarget;
			buildConfigurationList = B0AAC91624A4C16F008AEFCA /* Build configuration list for PBXNativeTarget "BrezaaTest" */;
			buildPhases = (
				72E7199832B76BCE671C0C66 /* [CP] Check Pods Manifest.lock */,
				B0AAC8FE24A4C16D008AEFCA /* Sources */,
				B0AAC8FF24A4C16D008AEFCA /* Frameworks */,
				B0AAC90024A4C16D008AEFCA /* Resources */,
				D52374A43CD244697FCA23F1 /* [CP] Embed Pods Frameworks */,
			);
			buildRules = (
			);
			dependencies = (
			);
			name = BrezaaTest;
			productName = BrezaaTest;
			productReference = B0AAC90224A4C16D008AEFCA /* BrezaaTest.app */;
			productType = "com.apple.product-type.application";
		};
/* End PBXNativeTarget section */

/* Begin PBXProject section */
		B0AAC8FA24A4C16D008AEFCA /* Project object */ = {
			isa = PBXProject;
			attributes = {
				LastSwiftUpdateCheck = 1150;
				LastUpgradeCheck = 1150;
				ORGANIZATIONNAME = "eren kulan";
				TargetAttributes = {
					B0AAC90124A4C16D008AEFCA = {
						CreatedOnToolsVersion = 11.5;
					};
				};
			};
			buildConfigurationList = B0AAC8FD24A4C16D008AEFCA /* Build configuration list for PBXProject "BrezaaTest" */;
			compatibilityVersion = "Xcode 9.3";
			developmentRegion = en;
			hasScannedForEncodings = 0;
			knownRegions = (
				en,
				Base,
			);
			mainGroup = B0AAC8F924A4C16D008AEFCA;
			productRefGroup = B0AAC90324A4C16D008AEFCA /* Products */;
			projectDirPath = "";
			projectRoot = "";
			targets = (
				B0AAC90124A4C16D008AEFCA /* BrezaaTest */,
			);
		};
/* End PBXProject section */

/* Begin PBXResourcesBuildPhase section */
		B0AAC90024A4C16D008AEFCA /* Resources */ = {
			isa = PBXResourcesBuildPhase;
			buildActionMask = 2147483647;
			files = (
				B05A01FD24A4F22600D03E9E /* UserTableViewCell.xib in Resources */,
				B05A020B24A534D300D03E9E /* PostsTableViewCell.xib in Resources */,
				B0AAC91224A4C16F008AEFCA /* LaunchScreen.storyboard in Resources */,
				B0AAC90F24A4C16F008AEFCA /* Assets.xcassets in Resources */,
				B0AAC90D24A4C16D008AEFCA /* Main.storyboard in Resources */,
			);
			runOnlyForDeploymentPostprocessing = 0;
		};
/* End PBXResourcesBuildPhase section */

/* Begin PBXShellScriptBuildPhase section */
		72E7199832B76BCE671C0C66 /* [CP] Check Pods Manifest.lock */ = {
			isa = PBXShellScriptBuildPhase;
			buildActionMask = 2147483647;
			files = (
			);
			inputFileListPaths = (
			);
			inputPaths = (
				"${PODS_PODFILE_DIR_PATH}/Podfile.lock",
				"${PODS_ROOT}/Manifest.lock",
			);
			name = "[CP] Check Pods Manifest.lock";
			outputFileListPaths = (
			);
			outputPaths = (
				"$(DERIVED_FILE_DIR)/Pods-BrezaaTest-checkManifestLockResult.txt",
			);
			runOnlyForDeploymentPostprocessing = 0;
			shellPath = /bin/sh;
			shellScript = "diff \"${PODS_PODFILE_DIR_PATH}/Podfile.lock\" \"${PODS_ROOT}/Manifest.lock\" > /dev/null\nif [ $? != 0 ] ; then\n    # print error to STDERR\n    echo \"error: The sandbox is not in sync with the Podfile.lock. Run 'pod install' or update your CocoaPods installation.\" >&2\n    exit 1\nfi\n# This output is used by Xcode 'outputs' to avoid re-running this script phase.\necho \"SUCCESS\" > \"${SCRIPT_OUTPUT_FILE_0}\"\n";
			showEnvVarsInLog = 0;
		};
		D52374A43CD244697FCA23F1 /* [CP] Embed Pods Frameworks */ = {
			isa = PBXShellScriptBuildPhase;
			buildActionMask = 2147483647;
			files = (
			);
			inputFileListPaths = (
				"${PODS_ROOT}/Target Support Files/Pods-BrezaaTest/Pods-BrezaaTest-frameworks-${CONFIGURATION}-input-files.xcfilelist",
			);
			name = "[CP] Embed Pods Frameworks";
			outputFileListPaths = (
				"${PODS_ROOT}/Target Support Files/Pods-BrezaaTest/Pods-BrezaaTest-frameworks-${CONFIGURATION}-output-files.xcfilelist",
			);
			runOnlyForDeploymentPostprocessing = 0;
			shellPath = /bin/sh;
			shellScript = "\"${PODS_ROOT}/Target Support Files/Pods-BrezaaTest/Pods-BrezaaTest-frameworks.sh\"\n";
			showEnvVarsInLog = 0;
		};
/* End PBXShellScriptBuildPhase section */

/* Begin PBXSourcesBuildPhase section */
		B0AAC8FE24A4C16D008AEFCA /* Sources */ = {
			isa = PBXSourcesBuildPhase;
			buildActionMask = 2147483647;
			files = (
				B0AAC91E24A4DC70008AEFCA /* Constants.swift in Sources */,
				B05A020524A52E9A00D03E9E /* Post.swift in Sources */,
				B0AAC91C24A4C2BA008AEFCA /* User.swift in Sources */,
				B05A020124A50CDA00D03E9E /* UserDetailViewController.swift in Sources */,
				B05A020A24A534D300D03E9E /* PostsTableViewCell.swift in Sources */,
				B0AAC90A24A4C16D008AEFCA /* UsersTableViewController.swift in Sources */,
				B0AAC90624A4C16D008AEFCA /* AppDelegate.swift in Sources */,
				B05A01FC24A4F22600D03E9E /* UserTableViewCell.swift in Sources */,
				B05A020724A52ED700D03E9E /* Comment.swift in Sources */,
				B05A020324A51D6D00D03E9E /* UIImageView+KingFisher.swift in Sources */,
				B0AAC90824A4C16D008AEFCA /* SceneDelegate.swift in Sources */,
				B0AAC92024A4DD6C008AEFCA /* APIClient.swift in Sources */,
				B0AAC92324A4DF02008AEFCA /* UIViewController+Alert.swift in Sources */,
			);
			runOnlyForDeploymentPostprocessing = 0;
		};
/* End PBXSourcesBuildPhase section */

/* Begin PBXVariantGroup section */
		B0AAC90B24A4C16D008AEFCA /* Main.storyboard */ = {
			isa = PBXVariantGroup;
			children = (
				B0AAC90C24A4C16D008AEFCA /* Base */,
			);
			name = Main.storyboard;
			sourceTree = "<group>";
		};
		B0AAC91024A4C16F008AEFCA /* LaunchScreen.storyboard */ = {
			isa = PBXVariantGroup;
			children = (
				B0AAC91124A4C16F008AEFCA /* Base */,
			);
			name = LaunchScreen.storyboard;
			sourceTree = "<group>";
		};
/* End PBXVariantGroup section */

/* Begin XCBuildConfiguration section */
		B0AAC91424A4C16F008AEFCA /* Debug */ = {
			isa = XCBuildConfiguration;
			buildSettings = {
				ALWAYS_SEARCH_USER_PATHS = NO;
				CLANG_ANALYZER_NONNULL = YES;
				CLANG_ANALYZER_NUMBER_OBJECT_CONVERSION = YES_AGGRESSIVE;
				CLANG_CXX_LANGUAGE_STANDARD = "gnu++14";
				CLANG_CXX_LIBRARY = "libc++";
				CLANG_ENABLE_MODULES = YES;
				CLANG_ENABLE_OBJC_ARC = YES;
				CLANG_ENABLE_OBJC_WEAK = YES;
				CLANG_WARN_BLOCK_CAPTURE_AUTORELEASING = YES;
				CLANG_WARN_BOOL_CONVERSION = YES;
				CLANG_WARN_COMMA = YES;
				CLANG_WARN_CONSTANT_CONVERSION = YES;
				CLANG_WARN_DEPRECATED_OBJC_IMPLEMENTATIONS = YES;
				CLANG_WARN_DIRECT_OBJC_ISA_USAGE = YES_ERROR;
				CLANG_WARN_DOCUMENTATION_COMMENTS = YES;
				CLANG_WARN_EMPTY_BODY = YES;
				CLANG_WARN_ENUM_CONVERSION = YES;
				CLANG_WARN_INFINITE_RECURSION = YES;
				CLANG_WARN_INT_CONVERSION = YES;
				CLANG_WARN_NON_LITERAL_NULL_CONVERSION = YES;
				CLANG_WARN_OBJC_IMPLICIT_RETAIN_SELF = YES;
				CLANG_WARN_OBJC_LITERAL_CONVERSION = YES;
				CLANG_WARN_OBJC_ROOT_CLASS = YES_ERROR;
				CLANG_WARN_RANGE_LOOP_ANALYSIS = YES;
				CLANG_WARN_STRICT_PROTOTYPES = YES;
				CLANG_WARN_SUSPICIOUS_MOVE = YES;
				CLANG_WARN_UNGUARDED_AVAILABILITY = YES_AGGRESSIVE;
				CLANG_WARN_UNREACHABLE_CODE = YES;
				CLANG_WARN__DUPLICATE_METHOD_MATCH = YES;
				COPY_PHASE_STRIP = NO;
				DEBUG_INFORMATION_FORMAT = dwarf;
				ENABLE_STRICT_OBJC_MSGSEND = YES;
				ENABLE_TESTABILITY = YES;
				GCC_C_LANGUAGE_STANDARD = gnu11;
				GCC_DYNAMIC_NO_PIC = NO;
				GCC_NO_COMMON_BLOCKS = YES;
				GCC_OPTIMIZATION_LEVEL = 0;
				GCC_PREPROCESSOR_DEFINITIONS = (
					"DEBUG=1",
					"$(inherited)",
				);
				GCC_WARN_64_TO_32_BIT_CONVERSION = YES;
				GCC_WARN_ABOUT_RETURN_TYPE = YES_ERROR;
				GCC_WARN_UNDECLARED_SELECTOR = YES;
				GCC_WARN_UNINITIALIZED_AUTOS = YES_AGGRESSIVE;
				GCC_WARN_UNUSED_FUNCTION = YES;
				GCC_WARN_UNUSED_VARIABLE = YES;
				IPHONEOS_DEPLOYMENT_TARGET = 13.5;
				MTL_ENABLE_DEBUG_INFO = INCLUDE_SOURCE;
				MTL_FAST_MATH = YES;
				ONLY_ACTIVE_ARCH = YES;
				SDKROOT = iphoneos;
				SWIFT_ACTIVE_COMPILATION_CONDITIONS = DEBUG;
				SWIFT_OPTIMIZATION_LEVEL = "-Onone";
			};
			name = Debug;
		};
		B0AAC91524A4C16F008AEFCA /* Release */ = {
			isa = XCBuildConfiguration;
			buildSettings = {
				ALWAYS_SEARCH_USER_PATHS = NO;
				CLANG_ANALYZER_NONNULL = YES;
				CLANG_ANALYZER_NUMBER_OBJECT_CONVERSION = YES_AGGRESSIVE;
				CLANG_CXX_LANGUAGE_STANDARD = "gnu++14";
				CLANG_CXX_LIBRARY = "libc++";
				CLANG_ENABLE_MODULES = YES;
				CLANG_ENABLE_OBJC_ARC = YES;
				CLANG_ENABLE_OBJC_WEAK = YES;
				CLANG_WARN_BLOCK_CAPTURE_AUTORELEASING = YES;
				CLANG_WARN_BOOL_CONVERSION = YES;
				CLANG_WARN_COMMA = YES;
				CLANG_WARN_CONSTANT_CONVERSION = YES;
				CLANG_WARN_DEPRECATED_OBJC_IMPLEMENTATIONS = YES;
				CLANG_WARN_DIRECT_OBJC_ISA_USAGE = YES_ERROR;
				CLANG_WARN_DOCUMENTATION_COMMENTS = YES;
				CLANG_WARN_EMPTY_BODY = YES;
				CLANG_WARN_ENUM_CONVERSION = YES;
				CLANG_WARN_INFINITE_RECURSION = YES;
				CLANG_WARN_INT_CONVERSION = YES;
				CLANG_WARN_NON_LITERAL_NULL_CONVERSION = YES;
				CLANG_WARN_OBJC_IMPLICIT_RETAIN_SELF = YES;
				CLANG_WARN_OBJC_LITERAL_CONVERSION = YES;
				CLANG_WARN_OBJC_ROOT_CLASS = YES_ERROR;
				CLANG_WARN_RANGE_LOOP_ANALYSIS = YES;
				CLANG_WARN_STRICT_PROTOTYPES = YES;
				CLANG_WARN_SUSPICIOUS_MOVE = YES;
				CLANG_WARN_UNGUARDED_AVAILABILITY = YES_AGGRESSIVE;
				CLANG_WARN_UNREACHABLE_CODE = YES;
				CLANG_WARN__DUPLICATE_METHOD_MATCH = YES;
				COPY_PHASE_STRIP = NO;
				DEBUG_INFORMATION_FORMAT = "dwarf-with-dsym";
				ENABLE_NS_ASSERTIONS = NO;
				ENABLE_STRICT_OBJC_MSGSEND = YES;
				GCC_C_LANGUAGE_STANDARD = gnu11;
				GCC_NO_COMMON_BLOCKS = YES;
				GCC_WARN_64_TO_32_BIT_CONVERSION = YES;
				GCC_WARN_ABOUT_RETURN_TYPE = YES_ERROR;
				GCC_WARN_UNDECLARED_SELECTOR = YES;
				GCC_WARN_UNINITIALIZED_AUTOS = YES_AGGRESSIVE;
				GCC_WARN_UNUSED_FUNCTION = YES;
				GCC_WARN_UNUSED_VARIABLE = YES;
				IPHONEOS_DEPLOYMENT_TARGET = 13.5;
				MTL_ENABLE_DEBUG_INFO = NO;
				MTL_FAST_MATH = YES;
				SDKROOT = iphoneos;
				SWIFT_COMPILATION_MODE = wholemodule;
				SWIFT_OPTIMIZATION_LEVEL = "-O";
				VALIDATE_PRODUCT = YES;
			};
			name = Release;
		};
		B0AAC91724A4C16F008AEFCA /* Debug */ = {
			isa = XCBuildConfiguration;
			baseConfigurationReference = E6225A0569314BB7BAC4AC10 /* Pods-BrezaaTest.debug.xcconfig */;
			buildSettings = {
				ASSETCATALOG_COMPILER_APPICON_NAME = AppIcon;
				CODE_SIGN_STYLE = Automatic;
				DEVELOPMENT_TEAM = CZ3J2246AK;
				INFOPLIST_FILE = BrezaaTest/Info.plist;
				LD_RUNPATH_SEARCH_PATHS = (
					"$(inherited)",
					"@executable_path/Frameworks",
				);
				PRODUCT_BUNDLE_IDENTIFIER = com.eren.BrezaaTest;
				PRODUCT_NAME = "$(TARGET_NAME)";
				SWIFT_VERSION = 5.0;
				TARGETED_DEVICE_FAMILY = "1,2";
			};
			name = Debug;
		};
		B0AAC91824A4C16F008AEFCA /* Release */ = {
			isa = XCBuildConfiguration;
			baseConfigurationReference = C8079BA9C5F1C0EC7024ABA5 /* Pods-BrezaaTest.release.xcconfig */;
			buildSettings = {
				ASSETCATALOG_COMPILER_APPICON_NAME = AppIcon;
				CODE_SIGN_STYLE = Automatic;
				DEVELOPMENT_TEAM = CZ3J2246AK;
				INFOPLIST_FILE = BrezaaTest/Info.plist;
				LD_RUNPATH_SEARCH_PATHS = (
					"$(inherited)",
					"@executable_path/Frameworks",
				);
				PRODUCT_BUNDLE_IDENTIFIER = com.eren.BrezaaTest;
				PRODUCT_NAME = "$(TARGET_NAME)";
				SWIFT_VERSION = 5.0;
				TARGETED_DEVICE_FAMILY = "1,2";
			};
			name = Release;
		};
/* End XCBuildConfiguration section */

/* Begin XCConfigurationList section */
		B0AAC8FD24A4C16D008AEFCA /* Build configuration list for PBXProject "BrezaaTest" */ = {
			isa = XCConfigurationList;
			buildConfigurations = (
				B0AAC91424A4C16F008AEFCA /* Debug */,
				B0AAC91524A4C16F008AEFCA /* Release */,
			);
			defaultConfigurationIsVisible = 0;
			defaultConfigurationName = Release;
		};
		B0AAC91624A4C16F008AEFCA /* Build configuration list for PBXNativeTarget "BrezaaTest" */ = {
			isa = XCConfigurationList;
			buildConfigurations = (
				B0AAC91724A4C16F008AEFCA /* Debug */,
				B0AAC91824A4C16F008AEFCA /* Release */,
			);
			defaultConfigurationIsVisible = 0;
			defaultConfigurationName = Release;
		};
/* End XCConfigurationList section */
	};
	rootObject = B0AAC8FA24A4C16D008AEFCA /* Project object */;
}
